{
  "nodes": {
    "containerImageApache": {
      "inputs": {
        "deploy-rs": "deploy-rs",
        "flake-compat": "flake-compat_2",
        "flake-utils": "flake-utils",
        "majordomo": "majordomo",
        "nixpkgs": "nixpkgs_3"
      },
      "locked": {
        "lastModified": 1622467551,
        "narHash": "sha256-aBGCFs/nbeGGtuFIOKrCouUnL88KwAerYJFH5o6U0FQ=",
        "ref": "master",
        "rev": "eca0a56a2a940f1f9d6d42da50a409965a0f69c1",
        "revCount": 260,
        "type": "git",
        "url": "https://gitlab.intr/webservices/apache2-php73.git"
      },
      "original": {
        "type": "git",
        "url": "https://gitlab.intr/webservices/apache2-php73.git"
      }
    },
    "deploy-rs": {
      "inputs": {
        "flake-compat": "flake-compat",
        "naersk": "naersk",
        "nixpkgs": "nixpkgs",
        "utils": "utils"
      },
      "locked": {
        "lastModified": 1621509262,
        "narHash": "sha256-XyCLtTVTQPXM5LXA1vffP27/tWwEn9VVESESHYNNMFA=",
        "owner": "serokell",
        "repo": "deploy-rs",
        "rev": "d2d05e1357b84d5d70a3acba866c01eca2e4e2aa",
        "type": "github"
      },
      "original": {
        "owner": "serokell",
        "repo": "deploy-rs",
        "type": "github"
      }
    },
    "deploy-rs_2": {
      "inputs": {
        "flake-compat": "flake-compat_4",
        "naersk": "naersk_2",
        "nixpkgs": "nixpkgs_4",
        "utils": "utils_2"
      },
      "locked": {
        "lastModified": 1621509262,
        "narHash": "sha256-XyCLtTVTQPXM5LXA1vffP27/tWwEn9VVESESHYNNMFA=",
        "owner": "serokell",
        "repo": "deploy-rs",
        "rev": "d2d05e1357b84d5d70a3acba866c01eca2e4e2aa",
        "type": "github"
      },
      "original": {
        "owner": "serokell",
        "repo": "deploy-rs",
        "type": "github"
      }
    },
    "flake-compat": {
      "flake": false,
      "locked": {
        "lastModified": 1606424373,
        "narHash": "sha256-oq8d4//CJOrVj+EcOaSXvMebvuTkmBJuT5tzlfewUnQ=",
        "owner": "edolstra",
        "repo": "flake-compat",
        "rev": "99f1c2157fba4bfe6211a321fd0ee43199025dbf",
        "type": "github"
      },
      "original": {
        "owner": "edolstra",
        "repo": "flake-compat",
        "type": "github"
      }
    },
    "flake-compat_2": {
      "flake": false,
      "locked": {
        "lastModified": 1606424373,
        "narHash": "sha256-oq8d4//CJOrVj+EcOaSXvMebvuTkmBJuT5tzlfewUnQ=",
        "owner": "edolstra",
        "repo": "flake-compat",
        "rev": "99f1c2157fba4bfe6211a321fd0ee43199025dbf",
        "type": "github"
      },
      "original": {
        "owner": "edolstra",
        "repo": "flake-compat",
        "type": "github"
      }
    },
    "flake-compat_3": {
      "flake": false,
      "locked": {
        "lastModified": 1606424373,
        "narHash": "sha256-oq8d4//CJOrVj+EcOaSXvMebvuTkmBJuT5tzlfewUnQ=",
        "owner": "edolstra",
        "repo": "flake-compat",
        "rev": "99f1c2157fba4bfe6211a321fd0ee43199025dbf",
        "type": "github"
      },
      "original": {
        "owner": "edolstra",
        "repo": "flake-compat",
        "type": "github"
      }
    },
    "flake-compat_4": {
      "flake": false,
      "locked": {
        "lastModified": 1606424373,
        "narHash": "sha256-oq8d4//CJOrVj+EcOaSXvMebvuTkmBJuT5tzlfewUnQ=",
        "owner": "edolstra",
        "repo": "flake-compat",
        "rev": "99f1c2157fba4bfe6211a321fd0ee43199025dbf",
        "type": "github"
      },
      "original": {
        "owner": "edolstra",
        "repo": "flake-compat",
        "type": "github"
      }
    },
    "flake-compat_5": {
      "flake": false,
      "locked": {
        "lastModified": 1606424373,
        "narHash": "sha256-oq8d4//CJOrVj+EcOaSXvMebvuTkmBJuT5tzlfewUnQ=",
        "owner": "edolstra",
        "repo": "flake-compat",
        "rev": "99f1c2157fba4bfe6211a321fd0ee43199025dbf",
        "type": "github"
      },
      "original": {
        "owner": "edolstra",
        "repo": "flake-compat",
        "type": "github"
      }
    },
    "flake-compat_6": {
      "flake": false,
      "locked": {
        "lastModified": 1606424373,
        "narHash": "sha256-oq8d4//CJOrVj+EcOaSXvMebvuTkmBJuT5tzlfewUnQ=",
        "owner": "edolstra",
        "repo": "flake-compat",
        "rev": "99f1c2157fba4bfe6211a321fd0ee43199025dbf",
        "type": "github"
      },
      "original": {
        "owner": "edolstra",
        "repo": "flake-compat",
        "type": "github"
      }
    },
    "flake-compat_7": {
      "flake": false,
      "locked": {
        "lastModified": 1606424373,
        "narHash": "sha256-oq8d4//CJOrVj+EcOaSXvMebvuTkmBJuT5tzlfewUnQ=",
        "owner": "edolstra",
        "repo": "flake-compat",
        "rev": "99f1c2157fba4bfe6211a321fd0ee43199025dbf",
        "type": "github"
      },
      "original": {
        "owner": "edolstra",
        "repo": "flake-compat",
        "type": "github"
      }
    },
    "flake-utils": {
      "locked": {
        "lastModified": 1618868421,
        "narHash": "sha256-vyoJhLV6cJ8/tWz+l9HZLIkb9Rd9esE7p+0RL6zDR6Y=",
        "owner": "numtide",
        "repo": "flake-utils",
        "rev": "eed214942bcfb3a8cc09eb3b28ca7d7221e44a94",
        "type": "github"
      },
      "original": {
        "owner": "numtide",
        "repo": "flake-utils",
        "type": "github"
      }
    },
    "flake-utils_2": {
      "locked": {
        "lastModified": 1620759905,
        "narHash": "sha256-WiyWawrgmyN0EdmiHyG2V+fqReiVi8bM9cRdMaKQOFg=",
        "owner": "numtide",
        "repo": "flake-utils",
        "rev": "b543720b25df6ffdfcf9227afafc5b8c1fabfae8",
        "type": "github"
      },
      "original": {
        "owner": "numtide",
        "repo": "flake-utils",
        "type": "github"
      }
    },
    "flake-utils_3": {
      "locked": {
        "lastModified": 1620759905,
        "narHash": "sha256-WiyWawrgmyN0EdmiHyG2V+fqReiVi8bM9cRdMaKQOFg=",
        "owner": "numtide",
        "repo": "flake-utils",
        "rev": "b543720b25df6ffdfcf9227afafc5b8c1fabfae8",
        "type": "github"
      },
      "original": {
        "owner": "numtide",
        "repo": "flake-utils",
        "type": "github"
      }
    },
    "majordomo": {
      "inputs": {
        "flake-compat": "flake-compat_3",
        "nixpkgs": "nixpkgs_2",
        "nixpkgs-deprecated": "nixpkgs-deprecated",
        "nixpkgs-stable": "nixpkgs-stable",
        "nixpkgs-unstable": "nixpkgs-unstable"
      },
      "locked": {
        "lastModified": 1619011138,
        "narHash": "sha256-qG1uynoUlAIRYrhvowgLlSAcyEGMkqFOz+AA7t9TI6w=",
        "ref": "master",
        "rev": "0523c2960287bb00955e2ab9ac5c52212bdf51e9",
        "revCount": 860,
        "type": "git",
        "url": "https://gitlab.intr/_ci/nixpkgs"
      },
      "original": {
        "type": "git",
        "url": "https://gitlab.intr/_ci/nixpkgs"
      }
    },
    "majordomo_2": {
      "inputs": {
        "flake-compat": "flake-compat_6",
        "nixpkgs": "nixpkgs_5",
        "nixpkgs-deprecated": "nixpkgs-deprecated_2",
        "nixpkgs-stable": "nixpkgs-stable_2",
        "nixpkgs-unstable": "nixpkgs-unstable_2"
      },
      "locked": {
        "lastModified": 1622547733,
        "narHash": "sha256-Pudec9AvMGZfQ1GOIKe62XMfcTP9JESFwSo4g4P3yVI=",
        "ref": "master",
        "rev": "1e1b81bd830058999609ae9d4d4201533e6984ab",
        "revCount": 871,
        "type": "git",
        "url": "https://gitlab.intr/_ci/nixpkgs"
      },
      "original": {
        "type": "git",
        "url": "https://gitlab.intr/_ci/nixpkgs"
      }
    },
    "moodle-language": {
      "inputs": {
        "flake-compat": "flake-compat_7",
        "flake-utils": "flake-utils_3",
        "nixpkgs": "nixpkgs_6"
      },
      "locked": {
        "lastModified": 1622473674,
        "narHash": "sha256-yDXYl9bq6qHay5YNsTqEi5VaU59ricUBzXofaoB9Mw8=",
        "ref": "master",
        "rev": "cfc53cbddf29f895a17df800f832be627f3cc5e7",
        "revCount": 2,
        "type": "git",
        "url": "https://gitlab.intr/apps/moodle-language.git"
      },
      "original": {
        "type": "git",
        "url": "https://gitlab.intr/apps/moodle-language.git"
      }
    },
    "naersk": {
      "inputs": {
        "nixpkgs": [
          "nixpkgs"
        ]
      },
      "locked": {
        "lastModified": 1610392286,
        "narHash": "sha256-3wFl5y+4YZO4SgRYK8WE7JIS3p0sxbgrGaQ6RMw+d98=",
        "owner": "nmattia",
        "repo": "naersk",
        "rev": "d7bfbad3304fd768c0f93a4c3b50976275e6d4be",
        "type": "github"
      },
      "original": {
        "owner": "nmattia",
        "ref": "master",
        "repo": "naersk",
        "type": "github"
      }
    },
    "naersk_2": {
      "inputs": {
        "nixpkgs": [
          "nixpkgs"
        ]
      },
      "locked": {
        "lastModified": 1610392286,
        "narHash": "sha256-3wFl5y+4YZO4SgRYK8WE7JIS3p0sxbgrGaQ6RMw+d98=",
        "owner": "nmattia",
        "repo": "naersk",
        "rev": "d7bfbad3304fd768c0f93a4c3b50976275e6d4be",
        "type": "github"
      },
      "original": {
        "owner": "nmattia",
        "ref": "master",
        "repo": "naersk",
        "type": "github"
      }
    },
    "nixpkgs": {
      "locked": {
        "lastModified": 1610942247,
        "narHash": "sha256-PKo1ATAlC6BmfYSRmX0TVmNoFbrec+A5OKcabGEu2yU=",
        "owner": "NixOS",
        "repo": "nixpkgs",
        "rev": "7d71001b796340b219d1bfa8552c81995017544a",
        "type": "github"
      },
      "original": {
        "owner": "NixOS",
        "ref": "nixpkgs-unstable",
        "repo": "nixpkgs",
        "type": "github"
      }
    },
    "nixpkgs-deprecated": {
      "flake": false,
      "locked": {
        "lastModified": 1443642366,
        "narHash": "sha256-VuzP9RfndgC6yhL2U8X6stGULoOHr1HcscympKUgwV4=",
        "owner": "NixOS",
        "repo": "nixpkgs",
        "rev": "9c31c72cafe536e0c21238b2d47a23bfe7d1b033",
        "type": "github"
      },
      "original": {
        "owner": "NixOS",
        "ref": "15.09",
        "repo": "nixpkgs",
        "type": "github"
      }
    },
    "nixpkgs-deprecated_2": {
      "flake": false,
      "locked": {
        "lastModified": 1443642366,
        "narHash": "sha256-VuzP9RfndgC6yhL2U8X6stGULoOHr1HcscympKUgwV4=",
        "owner": "NixOS",
        "repo": "nixpkgs",
        "rev": "9c31c72cafe536e0c21238b2d47a23bfe7d1b033",
        "type": "github"
      },
      "original": {
        "owner": "NixOS",
        "ref": "15.09",
        "repo": "nixpkgs",
        "type": "github"
      }
    },
    "nixpkgs-stable": {
      "locked": {
        "lastModified": 1606789930,
        "narHash": "sha256-fIDdUZHX6OnErpv+ZXEM/479z8WKNyNX9ALsHQpjoeA=",
        "owner": "NixOS",
        "repo": "nixpkgs",
        "rev": "2fbcd0b9df95306199407e36a038d2cc3aa24786",
        "type": "github"
      },
      "original": {
        "id": "nixpkgs",
        "ref": "nixos-20.09",
        "type": "indirect"
      }
    },
    "nixpkgs-stable_2": {
      "locked": {
        "lastModified": 1606789930,
        "narHash": "sha256-fIDdUZHX6OnErpv+ZXEM/479z8WKNyNX9ALsHQpjoeA=",
        "owner": "NixOS",
        "repo": "nixpkgs",
        "rev": "2fbcd0b9df95306199407e36a038d2cc3aa24786",
        "type": "github"
      },
      "original": {
        "id": "nixpkgs",
        "ref": "nixos-20.09",
        "type": "indirect"
      }
    },
    "nixpkgs-unstable": {
      "locked": {
        "lastModified": 1617755977,
        "narHash": "sha256-vkYi/Q25f9g2ZISS1IT27S+Vv1WDybdegs5SLsktAHw=",
        "owner": "NixOS",
        "repo": "nixpkgs",
        "rev": "4cb48cc25622334f17ec6b9bf56e83de0d521fb7",
        "type": "github"
      },
      "original": {
        "id": "nixpkgs",
        "ref": "nixpkgs-unstable",
        "type": "indirect"
      }
    },
    "nixpkgs-unstable_2": {
      "locked": {
        "lastModified": 1617755977,
        "narHash": "sha256-vkYi/Q25f9g2ZISS1IT27S+Vv1WDybdegs5SLsktAHw=",
        "owner": "NixOS",
        "repo": "nixpkgs",
        "rev": "4cb48cc25622334f17ec6b9bf56e83de0d521fb7",
        "type": "github"
      },
      "original": {
        "id": "nixpkgs",
        "ref": "nixpkgs-unstable",
        "type": "indirect"
      }
    },
    "nixpkgs_2": {
      "flake": false,
      "locked": {
        "lastModified": 1570630026,
        "narHash": "sha256-IjHyx3uz9jYBh5R9v6lea5Hd/F6iYTBcyHkXHwSGGFY=",
        "owner": "NixOS",
        "repo": "nixpkgs",
        "rev": "d5291756487d70bc336e33512a9baf9fa1788faf",
        "type": "github"
      },
      "original": {
        "owner": "NixOS",
        "ref": "19.09",
        "repo": "nixpkgs",
        "type": "github"
      }
    },
    "nixpkgs_3": {
      "locked": {
        "lastModified": 1607343071,
        "narHash": "sha256-kREtUj0DpuBAb2ArYHvcwhN1WX9KBLiGVFT9KWtnU40=",
        "owner": "NixOS",
        "repo": "nixpkgs",
        "rev": "a817ce3adac8057216fa27326bf8c36e19a04fa6",
        "type": "github"
      },
      "original": {
        "id": "nixpkgs",
        "type": "indirect"
      }
    },
    "nixpkgs_4": {
      "locked": {
        "lastModified": 1610942247,
        "narHash": "sha256-PKo1ATAlC6BmfYSRmX0TVmNoFbrec+A5OKcabGEu2yU=",
        "owner": "NixOS",
        "repo": "nixpkgs",
        "rev": "7d71001b796340b219d1bfa8552c81995017544a",
        "type": "github"
      },
      "original": {
        "owner": "NixOS",
        "ref": "nixpkgs-unstable",
        "repo": "nixpkgs",
        "type": "github"
      }
    },
    "nixpkgs_5": {
      "flake": false,
      "locked": {
        "lastModified": 1570630026,
        "narHash": "sha256-IjHyx3uz9jYBh5R9v6lea5Hd/F6iYTBcyHkXHwSGGFY=",
        "owner": "NixOS",
        "repo": "nixpkgs",
        "rev": "d5291756487d70bc336e33512a9baf9fa1788faf",
        "type": "github"
      },
      "original": {
        "owner": "NixOS",
        "ref": "19.09",
        "repo": "nixpkgs",
        "type": "github"
      }
    },
    "nixpkgs_6": {
      "locked": {
        "lastModified": 1622206656,
        "narHash": "sha256-rjWmLzJxS4iny1mh6v2OzeI66vOijGCYNlCVpN1FMZw=",
        "owner": "NixOS",
        "repo": "nixpkgs",
        "rev": "b2f86e66629d1d05a7da7dfff5bf18353bf7968e",
        "type": "github"
      },
      "original": {
        "id": "nixpkgs",
        "type": "indirect"
      }
    },
    "nixpkgs_7": {
      "locked": {
        "lastModified": 1622086780,
        "narHash": "sha256-KDjg4qkM8cdjNVmIzLq4ewTAKBqS9Q3pTbofqYImV+M=",
        "owner": "NixOS",
        "repo": "nixpkgs",
        "rev": "46fab2bfeef67e948a30861222bdba29e126ed25",
        "type": "github"
      },
      "original": {
        "id": "nixpkgs",
        "type": "indirect"
      }
    },
    "root": {
      "inputs": {
        "containerImageApache": "containerImageApache",
        "deploy-rs": "deploy-rs_2",
        "flake-compat": "flake-compat_5",
        "flake-utils": "flake-utils_2",
        "majordomo": "majordomo_2",
        "moodle-language": "moodle-language",
        "nixpkgs": "nixpkgs_7"
      }
    },
    "utils": {
      "locked": {
        "lastModified": 1610051610,
        "narHash": "sha256-U9rPz/usA1/Aohhk7Cmc2gBrEEKRzcW4nwPWMPwja4Y=",
        "owner": "numtide",
        "repo": "flake-utils",
        "rev": "3982c9903e93927c2164caa727cd3f6a0e6d14cc",
        "type": "github"
      },
      "original": {
        "owner": "numtide",
        "repo": "flake-utils",
        "type": "github"
      }
    },
    "utils_2": {
      "locked": {
        "lastModified": 1610051610,
        "narHash": "sha256-U9rPz/usA1/Aohhk7Cmc2gBrEEKRzcW4nwPWMPwja4Y=",
        "owner": "numtide",
        "repo": "flake-utils",
        "rev": "3982c9903e93927c2164caa727cd3f6a0e6d14cc",
        "type": "github"
      },
      "original": {
        "owner": "numtide",
        "repo": "flake-utils",
        "type": "github"
      }
    }
  },
  "root": "root",
  "version": 7
}
